# This file was autogenerated by Stack.
# You should not edit this file by hand.
# For more information, please see the documentation at:
#   https://docs.haskellstack.org/en/stable/lock_files

packages:
- completed:
    cabal-file:
      size: 3981
      sha256: 19fe39efe45461e5ea3f205fe749962f34dd15b253af8fa537e0c4ed531938fa
    name: data-stm32
    version: 0.1.0.0
    git: https://github.com/HaskellEmbedded/data-stm32.git
    pantry-tree:
      size: 13474
      sha256: 68d0d99f3751c7e5c1b999b09e2294b3f8f9123604003b2f543e591cf33a2c8b
    commit: 62a54256ad57675e5cb00ee724a743d4ac08fd97
  original:
    git: https://github.com/HaskellEmbedded/data-stm32.git
    commit: 62a54256ad57675e5cb00ee724a743d4ac08fd97
- completed:
    subdir: ivory-freertos-bindings
    cabal-file:
      size: 2942
      sha256: 16b6fb999da780e13010e2118358481f1b2f8ad6df210ac219590c14ec780f89
    name: ivory-freertos-bindings
    version: 0.1.0.0
    git: https://github.com/GaloisInc/ivory-tower-stm32.git
    pantry-tree:
      size: 3888
      sha256: fbfe88834b58c1a312bfa7dc5b8ef423b5cbe30a70cb80d568030735446b7ae3
    commit: 350ec81025fd20c92d18934b15bc9caa5546caa2
  original:
    subdir: ivory-freertos-bindings
    git: https://github.com/GaloisInc/ivory-tower-stm32.git
    commit: 350ec81025fd20c92d18934b15bc9caa5546caa2
- completed:
    subdir: tower-freertos-stm32
    cabal-file:
      size: 1680
      sha256: bd8a6dc21d927755fc6eda12e30e9cd67449e67e9e9a4d2ef68fe3aee3f658af
    name: tower-freertos-stm32
    version: 0.9.0.0
    git: https://github.com/GaloisInc/ivory-tower-stm32.git
    pantry-tree:
      size: 1105
      sha256: f61c426e0b549f9db1c7cd9964673a3a4de25b77c4bdea0392b0aa8ab2df4fd5
    commit: 350ec81025fd20c92d18934b15bc9caa5546caa2
  original:
    subdir: tower-freertos-stm32
    git: https://github.com/GaloisInc/ivory-tower-stm32.git
    commit: 350ec81025fd20c92d18934b15bc9caa5546caa2
- completed:
    hackage: hastache-0.6.1@sha256:6e645296912c401a73a346c38a6ce2446d42591b3c602f7c657a626d9a0c8d3b,2363
    pantry-tree:
      size: 589
      sha256: 997dae6ebf4cfcd563611666600237758fcd41b2b71d8ec7788875237c69fd12
  original:
    hackage: hastache-0.6.1@sha256:6e645296912c401a73a346c38a6ce2446d42591b3c602f7c657a626d9a0c8d3b,2363
- completed:
    hackage: hxt-xpath-9.1.2.2@sha256:9cd590ae93a04573db8f90fa4094625ebd97dded45da7667c577ce6b38a42900,1999
    pantry-tree:
      size: 2225
      sha256: aee2f75974e868ff429b8ff349a29667536c60397098f5dfedc968d1951511bb
  original:
    hackage: hxt-xpath-9.1.2.2@sha256:9cd590ae93a04573db8f90fa4094625ebd97dded45da7667c577ce6b38a42900,1999
- completed:
    hackage: ivory-opts-0.1.0.6@sha256:af13e018c7c29b8835f1f407b5cdad09b8ebd76260681f4bf3cb63e888b9a02f,1772
    pantry-tree:
      size: 1019
      sha256: b9cd1ba91d6e6b52d9cc8a9fa88ff05a68fed0668503303b3b26eda1fe1915f9
  original:
    hackage: ivory-opts-0.1.0.6@sha256:af13e018c7c29b8835f1f407b5cdad09b8ebd76260681f4bf3cb63e888b9a02f,1772
- completed:
    hackage: karver-0.1.2@sha256:ee99a21567b04d5ee4f55dfb20ebbf466e8183c56af22e10878947f60cc32c4d,1755
    pantry-tree:
      size: 391
      sha256: 9f757fd4d31e07c8239380402f06adb5da66fb9635576102f7ab162c7b1eaa78
  original:
    hackage: karver-0.1.2@sha256:ee99a21567b04d5ee4f55dfb20ebbf466e8183c56af22e10878947f60cc32c4d,1755
- completed:
    hackage: monadLib-3.10@sha256:21dc120625bd612527b372e54251fd8358270effe263023d40d8e5892d24531c,653
    pantry-tree:
      size: 426
      sha256: 6c713ce64f1979723a9c30804e0675d053196341d7f6a61cfaf82a8f91c8f690
  original:
    hackage: monadLib-3.10@sha256:21dc120625bd612527b372e54251fd8358270effe263023d40d8e5892d24531c,653
snapshots:
- completed:
    size: 524163
    url: https://raw.githubusercontent.com/commercialhaskell/stackage-snapshots/master/lts/14/25.yaml
    sha256: 97548b4e927a8a862d4a203687ca18a3f5d2ae75b4b72c946fb29c17df1a5082
  original: lts-14.25
