# This file was autogenerated by Stack.
# You should not edit this file by hand.
# For more information, please see the documentation at:
#   https://docs.haskellstack.org/en/stable/lock_files

packages:
- completed:
    hackage: ivory-0.1.0.9@sha256:9fc1abaccafbd09ef23d1616ba185208b6017d48cf160f4e78144c15da89186a,4779
    pantry-tree:
      size: 4776
      sha256: 4ee649ac96a7a1e2db555468dfcd03c398ca73a06f859a9924bc5fc560426ebf
  original:
    hackage: ivory-0.1.0.9@sha256:9fc1abaccafbd09ef23d1616ba185208b6017d48cf160f4e78144c15da89186a,4779
- completed:
    hackage: ivory-artifact-0.1.0.5@sha256:547dc083b98597ada7a1627c17f3c17bdd169c429efcb80f311b9beb2b43452f,1162
    pantry-tree:
      size: 434
      sha256: dafe5bf6cc14e6246ec5f08a651cdaa6b31578b483a856fc2f5d8bcfcd9894f4
  original:
    hackage: ivory-artifact-0.1.0.5@sha256:547dc083b98597ada7a1627c17f3c17bdd169c429efcb80f311b9beb2b43452f,1162
- completed:
    hackage: ivory-backend-c-0.1.0.8@sha256:b6eff57821e9570bd632adde90ece2d80c2609f430dec4d6d11da0515ad33771,2000
    pantry-tree:
      size: 921
      sha256: aec4e45d8ce9aa63e384bcbcb5e6891465fe0f4525fd10f0d241fa87441dd76e
  original:
    hackage: ivory-backend-c-0.1.0.8@sha256:b6eff57821e9570bd632adde90ece2d80c2609f430dec4d6d11da0515ad33771,2000
- completed:
    hackage: ivory-hw-0.1.0.6@sha256:b184139af2c31b65a7f7f7610fe949a1f4a26b8ab63955914893f69d76cdb5fc,1444
    pantry-tree:
      size: 643
      sha256: c718b0194385534a71024c59a03e6d49a3e3d46099ea37b5fea16cda4e1de272
  original:
    hackage: ivory-hw-0.1.0.6@sha256:b184139af2c31b65a7f7f7610fe949a1f4a26b8ab63955914893f69d76cdb5fc,1444
- completed:
    hackage: ivory-stdlib-0.1.0.5@sha256:b486cb07f25b0cadb1f51fb67435e41a248223c0b30ccd3fad575b93e7f97d9f,1348
    pantry-tree:
      size: 765
      sha256: de0bbe08cc2c748b476b96584efbf4b6a699131f210461dad908ccd630b0e31c
  original:
    hackage: ivory-stdlib-0.1.0.5@sha256:b486cb07f25b0cadb1f51fb67435e41a248223c0b30ccd3fad575b93e7f97d9f,1348
- completed:
    hackage: ivory-opts-0.1.0.6@sha256:af13e018c7c29b8835f1f407b5cdad09b8ebd76260681f4bf3cb63e888b9a02f,1772
    pantry-tree:
      size: 1019
      sha256: b9cd1ba91d6e6b52d9cc8a9fa88ff05a68fed0668503303b3b26eda1fe1915f9
  original:
    hackage: ivory-opts-0.1.0.6@sha256:af13e018c7c29b8835f1f407b5cdad09b8ebd76260681f4bf3cb63e888b9a02f,1772
- completed:
    hackage: monadLib-3.10@sha256:21dc120625bd612527b372e54251fd8358270effe263023d40d8e5892d24531c,653
    pantry-tree:
      size: 426
      sha256: 6c713ce64f1979723a9c30804e0675d053196341d7f6a61cfaf82a8f91c8f690
  original:
    hackage: monadLib-3.10@sha256:21dc120625bd612527b372e54251fd8358270effe263023d40d8e5892d24531c,653
- completed:
    hackage: th-abstraction-0.2.11.0@sha256:5c286870277705796887d0cbfa48a6aa5e0f206152592a54fbc550d8ce0c5ab5,1827
    pantry-tree:
      size: 583
      sha256: 1e1b3b254c9021294bb7c9afbb079d75b8d03d2ea8b4b3aad94df5ad9e77ec11
  original:
    hackage: th-abstraction-0.2.11.0@sha256:5c286870277705796887d0cbfa48a6aa5e0f206152592a54fbc550d8ce0c5ab5,1827
snapshots:
- completed:
    size: 524163
    url: https://raw.githubusercontent.com/commercialhaskell/stackage-snapshots/master/lts/14/25.yaml
    sha256: 97548b4e927a8a862d4a203687ca18a3f5d2ae75b4b72c946fb29c17df1a5082
  original: lts-14.25
