# This file was autogenerated by Stack.
# You should not edit this file by hand.
# For more information, please see the documentation at:
#   https://docs.haskellstack.org/en/stable/lock_files

packages:
- completed:
    hackage: th-abstraction-0.2.5.0@sha256:1bd4a1ce2c8552ec4c5da42d6c4a7f912a7887b303b7c5bb287d1454f3cf3c58,1790
    pantry-tree:
      size: 583
      sha256: bdcdc2747d5ddf0da6f8c2ba8d0c036755886326717550c57f31549ce01dfed6
  original:
    hackage: th-abstraction-0.2.5.0
- completed:
    hackage: monadLib-3.7.3@sha256:3ffd5229638985bfd8b861e7bad0afa643d65cefe110f8d7d619989beb7a6f3e,980
    pantry-tree:
      size: 426
      sha256: f6ff91ff11000bf19c1c1ea57e3a897916765b581caa7934db9f049a39d875ad
  original:
    hackage: monadLib-3.7.3
- completed:
    hackage: ivory-0.1.0.9@sha256:9fc1abaccafbd09ef23d1616ba185208b6017d48cf160f4e78144c15da89186a,4779
    pantry-tree:
      size: 4776
      sha256: 4ee649ac96a7a1e2db555468dfcd03c398ca73a06f859a9924bc5fc560426ebf
  original:
    hackage: ivory-0.1.0.9@sha256:9fc1abaccafbd09ef23d1616ba185208b6017d48cf160f4e78144c15da89186a,4779
- completed:
    hackage: ivory-backend-c-0.1.0.8@sha256:b6eff57821e9570bd632adde90ece2d80c2609f430dec4d6d11da0515ad33771,2000
    pantry-tree:
      size: 921
      sha256: aec4e45d8ce9aa63e384bcbcb5e6891465fe0f4525fd10f0d241fa87441dd76e
  original:
    hackage: ivory-backend-c-0.1.0.8@sha256:b6eff57821e9570bd632adde90ece2d80c2609f430dec4d6d11da0515ad33771,2000
- completed:
    hackage: ivory-hw-0.1.0.6@sha256:b184139af2c31b65a7f7f7610fe949a1f4a26b8ab63955914893f69d76cdb5fc,1444
    pantry-tree:
      size: 643
      sha256: c718b0194385534a71024c59a03e6d49a3e3d46099ea37b5fea16cda4e1de272
  original:
    hackage: ivory-hw-0.1.0.6@sha256:b184139af2c31b65a7f7f7610fe949a1f4a26b8ab63955914893f69d76cdb5fc,1444
- completed:
    hackage: ivory-stdlib-0.1.0.5@sha256:b486cb07f25b0cadb1f51fb67435e41a248223c0b30ccd3fad575b93e7f97d9f,1348
    pantry-tree:
      size: 765
      sha256: de0bbe08cc2c748b476b96584efbf4b6a699131f210461dad908ccd630b0e31c
  original:
    hackage: ivory-stdlib-0.1.0.5@sha256:b486cb07f25b0cadb1f51fb67435e41a248223c0b30ccd3fad575b93e7f97d9f,1348
- completed:
    hackage: ivory-artifact-0.1.0.5@sha256:547dc083b98597ada7a1627c17f3c17bdd169c429efcb80f311b9beb2b43452f,1162
    pantry-tree:
      size: 434
      sha256: dafe5bf6cc14e6246ec5f08a651cdaa6b31578b483a856fc2f5d8bcfcd9894f4
  original:
    hackage: ivory-artifact-0.1.0.5@sha256:547dc083b98597ada7a1627c17f3c17bdd169c429efcb80f311b9beb2b43452f,1162
- completed:
    hackage: ivory-opts-0.1.0.6@sha256:af13e018c7c29b8835f1f407b5cdad09b8ebd76260681f4bf3cb63e888b9a02f,1772
    pantry-tree:
      size: 1019
      sha256: b9cd1ba91d6e6b52d9cc8a9fa88ff05a68fed0668503303b3b26eda1fe1915f9
  original:
    hackage: ivory-opts-0.1.0.6@sha256:af13e018c7c29b8835f1f407b5cdad09b8ebd76260681f4bf3cb63e888b9a02f,1772
- completed:
    subdir: ivory-freertos-bindings
    cabal-file:
      size: 2942
      sha256: 16b6fb999da780e13010e2118358481f1b2f8ad6df210ac219590c14ec780f89
    name: ivory-freertos-bindings
    version: 0.1.0.0
    git: https://github.com/GaloisInc/ivory-tower-stm32.git
    pantry-tree:
      size: 3888
      sha256: fbfe88834b58c1a312bfa7dc5b8ef423b5cbe30a70cb80d568030735446b7ae3
    commit: 350ec81025fd20c92d18934b15bc9caa5546caa2
  original:
    subdir: ivory-freertos-bindings
    git: https://github.com/GaloisInc/ivory-tower-stm32.git
    commit: 350ec81025fd20c92d18934b15bc9caa5546caa2
- completed:
    subdir: tower-freertos-stm32
    cabal-file:
      size: 1680
      sha256: bd8a6dc21d927755fc6eda12e30e9cd67449e67e9e9a4d2ef68fe3aee3f658af
    name: tower-freertos-stm32
    version: 0.9.0.0
    git: https://github.com/GaloisInc/ivory-tower-stm32.git
    pantry-tree:
      size: 1105
      sha256: f61c426e0b549f9db1c7cd9964673a3a4de25b77c4bdea0392b0aa8ab2df4fd5
    commit: 350ec81025fd20c92d18934b15bc9caa5546caa2
  original:
    subdir: tower-freertos-stm32
    git: https://github.com/GaloisInc/ivory-tower-stm32.git
    commit: 350ec81025fd20c92d18934b15bc9caa5546caa2
- completed:
    subdir: tower
    cabal-file:
      size: 2749
      sha256: a846f834de699c96858892ac367bde7f363f3c216923f0eb57dab875f12d266a
    name: tower
    version: 0.9.0.0
    git: https://github.com/GaloisInc/tower
    pantry-tree:
      size: 2595
      sha256: 1ceefe33f508c59942489b0a6360f06d8c158e10b5099bad82668e371c708471
    commit: a43f5e36c6443472ea2dc15bbd49faf8643a6f87
  original:
    subdir: tower
    git: https://github.com/GaloisInc/tower
    commit: a43f5e36c6443472ea2dc15bbd49faf8643a6f87
- completed:
    subdir: tower-hal
    cabal-file:
      size: 1205
      sha256: c3e4e0c1d8c1804af0cb01b0d478c971594240253b256562285244253d1cf3d5
    name: tower-hal
    version: 0.1.0.0
    git: https://github.com/GaloisInc/tower
    pantry-tree:
      size: 1262
      sha256: 9a836dbef2ab4b1a4fd4b55c6409715a3efe4d6492399fe17e95dfad4daf9c31
    commit: a43f5e36c6443472ea2dc15bbd49faf8643a6f87
  original:
    subdir: tower-hal
    git: https://github.com/GaloisInc/tower
    commit: a43f5e36c6443472ea2dc15bbd49faf8643a6f87
- completed:
    subdir: tower-config
    cabal-file:
      size: 1657
      sha256: 3e3e8a1dfca32ef947c9f5f2645bc64a6fc229b31592e0d8da06fad3ab9cbfc8
    name: tower-config
    version: 0.1.0.0
    git: https://github.com/GaloisInc/tower
    pantry-tree:
      size: 1300
      sha256: 2caacb5d58827d3bd2182e24fe39b3a0ac7ad7d8cbdc19ded51aa0eed038e36c
    commit: a43f5e36c6443472ea2dc15bbd49faf8643a6f87
  original:
    subdir: tower-config
    git: https://github.com/GaloisInc/tower
    commit: a43f5e36c6443472ea2dc15bbd49faf8643a6f87
- completed:
    hackage: ivory-serialize-0.1.0.6@sha256:171d705b61502f0c1883c40e735547cbf06e3664435faa3ff18d6cd0f3a4f9bc,1397
    pantry-tree:
      size: 737
      sha256: 6c36449d016d61b0ddb6881444c8cc1171ca7e11982b1ca219638098da70a7d5
  original:
    hackage: ivory-serialize-0.1.0.6@sha256:171d705b61502f0c1883c40e735547cbf06e3664435faa3ff18d6cd0f3a4f9bc,1397
snapshots:
- completed:
    size: 533451
    url: https://raw.githubusercontent.com/commercialhaskell/stackage-snapshots/master/lts/9/0.yaml
    sha256: 27f29b231b39ea68e967a7a4346b2693a49d77c50f41fc0c276e11189a538da7
  original: lts-9.0
